# This file was autogenerated by Stack.
# You should not edit this file by hand.
# For more information, please see the documentation at:
#   https://docs.haskellstack.org/en/stable/lock_files

packages:
- completed:
    hackage: monad-mock-0.2.0.0@sha256:16a15283f89f63c52ec60ef4bbd3f815359edf21f498a142d91ee6196ff727d2,2585
    pantry-tree:
      size: 728
      sha256: cc03e694880dc0ebe0c87bdc87c36e28649a2d6b4b69c60e71a1d10737d50860
  original:
    hackage: monad-mock-0.2.0.0
snapshots:
- completed:
    size: 524154
    url: https://raw.githubusercontent.com/commercialhaskell/stackage-snapshots/master/lts/14/20.yaml
    sha256: 2f5099f69ddb6abfe64400fe1e6a604e8e628f55e6837211cd70a81eb0a8fa4d
  original: lts-14.20
